
Microsoft Visual Studio Solution File, Format Version 12.00
# Visual Studio Version 17
VisualStudioVersion = 17.1.32407.343
MinimumVisualStudioVersion = 10.0.40219.1
Project("{9A19103F-16F7-4668-BE54-9A1E7A4F7556}") = "Simple Password Manager Web Services", "Simple Password Manager Web Services\Simple Password Manager Web Services.csproj", "{F2BC78D3-CA84-4A81-9DD3-65BB73DA4D61}"
EndProject
Project("{9A19103F-16F7-4668-BE54-9A1E7A4F7556}") = "Simple Password Manager Web Services Library", "Simple Password Manager Web Services Library\Simple Password Manager Web Services Library.csproj", "{9775BF4C-0D31-4A1F-BF15-57B682F82403}"
EndProject
Project("{2150E333-8FDC-42A3-9474-1A3956D46DE8}") = "Solution Items", "Solution Items", "{131A24C2-7FDD-4686-A72F-AB9633A2FB42}"
	ProjectSection(SolutionItems) = preProject
		.editorconfig = .editorconfig
	EndProjectSection
EndProject
Global
	GlobalSection(SolutionConfigurationPlatforms) = preSolution
		Debug|Any CPU = Debug|Any CPU
		Release|Any CPU = Release|Any CPU
	EndGlobalSection
	GlobalSection(ProjectConfigurationPlatforms) = postSolution
		{F2BC78D3-CA84-4A81-9DD3-65BB73DA4D61}.Debug|Any CPU.ActiveCfg = Debug|Any CPU
		{F2BC78D3-CA84-4A81-9DD3-65BB73DA4D61}.Debug|Any CPU.Build.0 = Debug|Any CPU
		{F2BC78D3-CA84-4A81-9DD3-65BB73DA4D61}.Release|Any CPU.ActiveCfg = Release|Any CPU
		{F2BC78D3-CA84-4A81-9DD3-65BB73DA4D61}.Release|Any CPU.Build.0 = Release|Any CPU
		{9775BF4C-0D31-4A1F-BF15-57B682F82403}.Debug|Any CPU.ActiveCfg = Debug|Any CPU
		{9775BF4C-0D31-4A1F-BF15-57B682F82403}.Debug|Any CPU.Build.0 = Debug|Any CPU
		{9775BF4C-0D31-4A1F-BF15-57B682F82403}.Release|Any CPU.ActiveCfg = Release|Any CPU
		{9775BF4C-0D31-4A1F-BF15-57B682F82403}.Release|Any CPU.Build.0 = Release|Any CPU
	EndGlobalSection
	GlobalSection(SolutionProperties) = preSolution
		HideSolutionNode = FALSE
	EndGlobalSection
	GlobalSection(ExtensibilityGlobals) = postSolution
		SolutionGuid = {3DE36C29-70A1-4CA3-8FBD-F286F657F54F}
	EndGlobalSection
EndGlobal
